// !$*UTF8*$!
{
	archiveVersion = 1;
	classes = {
	};
	objectVersion = 48;
	objects = {

/* Begin PBXBuildFile section */
		5F3849A52043DED100B43FDE /* Main.storyboard in Resources */ = {isa = PBXBuildFile; fileRef = 5F3849A32043DED100B43FDE /* Main.storyboard */; };
		5F3849A72043DED100B43FDE /* Assets.xcassets in Resources */ = {isa = PBXBuildFile; fileRef = 5F3849A62043DED100B43FDE /* Assets.xcassets */; };
		5F3849AA2043DED100B43FDE /* LaunchScreen.storyboard in Resources */ = {isa = PBXBuildFile; fileRef = 5F3849A82043DED100B43FDE /* LaunchScreen.storyboard */; };
		5F3849B52043DED200B43FDE /* DouyuTests.swift in Sources */ = {isa = PBXBuildFile; fileRef = 5F3849B42043DED200B43FDE /* DouyuTests.swift */; };
		5F3849C02043DED200B43FDE /* DouyuUITests.swift in Sources */ = {isa = PBXBuildFile; fileRef = 5F3849BF2043DED200B43FDE /* DouyuUITests.swift */; };
		5F3849CE2043E43B00B43FDE /* Classes in Resources */ = {isa = PBXBuildFile; fileRef = 5F3849CD2043E43B00B43FDE /* Classes */; };
		5F3849D22043EA3600B43FDE /* AppDelegate.swift in Sources */ = {isa = PBXBuildFile; fileRef = 5F3849D12043EA3600B43FDE /* AppDelegate.swift */; };
/* End PBXBuildFile section */

/* Begin PBXContainerItemProxy section */
		5F3849B12043DED200B43FDE /* PBXContainerItemProxy */ = {
			isa = PBXContainerItemProxy;
			containerPortal = 5F3849942043DED100B43FDE /* Project object */;
			proxyType = 1;
			remoteGlobalIDString = 5F38499B2043DED100B43FDE;
			remoteInfo = Douyu;
		};
		5F3849BC2043DED200B43FDE /* PBXContainerItemProxy */ = {
			isa = PBXContainerItemProxy;
			containerPortal = 5F3849942043DED100B43FDE /* Project object */;
			proxyType = 1;
			remoteGlobalIDString = 5F38499B2043DED100B43FDE;
			remoteInfo = Douyu;
		};
/* End PBXContainerItemProxy section */

/* Begin PBXFileReference section */
		5F38499C2043DED100B43FDE /* Douyu.app */ = {isa = PBXFileReference; explicitFileType = wrapper.application; includeInIndex = 0; path = Douyu.app; sourceTree = BUILT_PRODUCTS_DIR; };
		5F3849A42043DED100B43FDE /* Base */ = {isa = PBXFileReference; lastKnownFileType = file.storyboard; name = Base; path = Base.lproj/Main.storyboard; sourceTree = "<group>"; };
		5F3849A62043DED100B43FDE /* Assets.xcassets */ = {isa = PBXFileReference; lastKnownFileType = folder.assetcatalog; path = Assets.xcassets; sourceTree = "<group>"; };
		5F3849A92043DED100B43FDE /* Base */ = {isa = PBXFileReference; lastKnownFileType = file.storyboard; name = Base; path = Base.lproj/LaunchScreen.storyboard; sourceTree = "<group>"; };
		5F3849AB2043DED100B43FDE /* Info.plist */ = {isa = PBXFileReference; lastKnownFileType = text.plist.xml; path = Info.plist; sourceTree = "<group>"; };
		5F3849B02043DED200B43FDE /* DouyuTests.xctest */ = {isa = PBXFileReference; explicitFileType = wrapper.cfbundle; includeInIndex = 0; path = DouyuTests.xctest; sourceTree = BUILT_PRODUCTS_DIR; };
		5F3849B42043DED200B43FDE /* DouyuTests.swift */ = {isa = PBXFileReference; lastKnownFileType = sourcecode.swift; path = DouyuTests.swift; sourceTree = "<group>"; };
		5F3849B62043DED200B43FDE /* Info.plist */ = {isa = PBXFileReference; lastKnownFileType = text.plist.xml; path = Info.plist; sourceTree = "<group>"; };
		5F3849BB2043DED200B43FDE /* DouyuUITests.xctest */ = {isa = PBXFileReference; explicitFileType = wrapper.cfbundle; includeInIndex = 0; path = DouyuUITests.xctest; sourceTree = BUILT_PRODUCTS_DIR; };
		5F3849BF2043DED200B43FDE /* DouyuUITests.swift */ = {isa = PBXFileReference; lastKnownFileType = sourcecode.swift; path = DouyuUITests.swift; sourceTree = "<group>"; };
		5F3849C12043DED200B43FDE /* Info.plist */ = {isa = PBXFileReference; lastKnownFileType = text.plist.xml; path = Info.plist; sourceTree = "<group>"; };
		5F3849CD2043E43B00B43FDE /* Classes */ = {isa = PBXFileReference; lastKnownFileType = folder; path = Classes; sourceTree = "<group>"; };
		5F3849D12043EA3600B43FDE /* AppDelegate.swift */ = {isa = PBXFileReference; lastKnownFileType = sourcecode.swift; path = AppDelegate.swift; sourceTree = "<group>"; };
/* End PBXFileReference section */

/* Begin PBXFrameworksBuildPhase section */
		5F3849992043DED100B43FDE /* Frameworks */ = {
			isa = PBXFrameworksBuildPhase;
			buildActionMask = 2147483647;
			files = (
			);
			runOnlyForDeploymentPostprocessing = 0;
		};
		5F3849AD2043DED200B43FDE /* Frameworks */ = {
			isa = PBXFrameworksBuildPhase;
			buildActionMask = 2147483647;
			files = (
			);
			runOnlyForDeploymentPostprocessing = 0;
		};
		5F3849B82043DED200B43FDE /* Frameworks */ = {
			isa = PBXFrameworksBuildPhase;
			buildActionMask = 2147483647;
			files = (
			);
			runOnlyForDeploymentPostprocessing = 0;
		};
/* End PBXFrameworksBuildPhase section */

/* Begin PBXGroup section */
		5F3849932043DED100B43FDE = {
			isa = PBXGroup;
			children = (
				5F38499E2043DED100B43FDE /* Douyu */,
				5F3849B32043DED200B43FDE /* DouyuTests */,
				5F3849BE2043DED200B43FDE /* DouyuUITests */,
				5F38499D2043DED100B43FDE /* Products */,
			);
			sourceTree = "<group>";
		};
		5F38499D2043DED100B43FDE /* Products */ = {
			isa = PBXGroup;
			children = (
				5F38499C2043DED100B43FDE /* Douyu.app */,
				5F3849B02043DED200B43FDE /* DouyuTests.xctest */,
				5F3849BB2043DED200B43FDE /* DouyuUITests.xctest */,
			);
			name = Products;
			sourceTree = "<group>";
		};
		5F38499E2043DED100B43FDE /* Douyu */ = {
			isa = PBXGroup;
			children = (
				5F3849CD2043E43B00B43FDE /* Classes */,
				5F3849A32043DED100B43FDE /* Main.storyboard */,
				5F3849D12043EA3600B43FDE /* AppDelegate.swift */,
				5F3849A62043DED100B43FDE /* Assets.xcassets */,
				5F3849A82043DED100B43FDE /* LaunchScreen.storyboard */,
				5F3849AB2043DED100B43FDE /* Info.plist */,
			);
			path = Douyu;
			sourceTree = "<group>";
		};
		5F3849B32043DED200B43FDE /* DouyuTests */ = {
			isa = PBXGroup;
			children = (
				5F3849B42043DED200B43FDE /* DouyuTests.swift */,
				5F3849B62043DED200B43FDE /* Info.plist */,
			);
			path = DouyuTests;
			sourceTree = "<group>";
		};
		5F3849BE2043DED200B43FDE /* DouyuUITests */ = {
			isa = PBXGroup;
			children = (
				5F3849BF2043DED200B43FDE /* DouyuUITests.swift */,
				5F3849C12043DED200B43FDE /* Info.plist */,
			);
			path = DouyuUITests;
			sourceTree = "<group>";
		};
/* End PBXGroup section */

/* Begin PBXNativeTarget section */
		5F38499B2043DED100B43FDE /* Douyu */ = {
			isa = PBXNativeTarget;
			buildConfigurationList = 5F3849C42043DED200B43FDE /* Build configuration list for PBXNativeTarget "Douyu" */;
			buildPhases = (
				5F3849982043DED100B43FDE /* Sources */,
				5F3849992043DED100B43FDE /* Frameworks */,
				5F38499A2043DED100B43FDE /* Resources */,
			);
			buildRules = (
			);
			dependencies = (
			);
			name = Douyu;
			productName = Douyu;
			productReference = 5F38499C2043DED100B43FDE /* Douyu.app */;
			productType = "com.apple.product-type.application";
		};
		5F3849AF2043DED200B43FDE /* DouyuTests */ = {
			isa = PBXNativeTarget;
			buildConfigurationList = 5F3849C72043DED200B43FDE /* Build configuration list for PBXNativeTarget "DouyuTests" */;
			buildPhases = (
				5F3849AC2043DED200B43FDE /* Sources */,
				5F3849AD2043DED200B43FDE /* Frameworks */,
				5F3849AE2043DED200B43FDE /* Resources */,
			);
			buildRules = (
			);
			dependencies = (
				5F3849B22043DED200B43FDE /* PBXTargetDependency */,
			);
			name = DouyuTests;
			productName = DouyuTests;
			productReference = 5F3849B02043DED200B43FDE /* DouyuTests.xctest */;
			productType = "com.apple.product-type.bundle.unit-test";
		};
		5F3849BA2043DED200B43FDE /* DouyuUITests */ = {
			isa = PBXNativeTarget;
			buildConfigurationList = 5F3849CA2043DED200B43FDE /* Build configuration list for PBXNativeTarget "DouyuUITests" */;
			buildPhases = (
				5F3849B72043DED200B43FDE /* Sources */,
				5F3849B82043DED200B43FDE /* Frameworks */,
				5F3849B92043DED200B43FDE /* Resources */,
			);
			buildRules = (
			);
			dependencies = (
				5F3849BD2043DED200B43FDE /* PBXTargetDependency */,
			);
			name = DouyuUITests;
			productName = DouyuUITests;
			productReference = 5F3849BB2043DED200B43FDE /* DouyuUITests.xctest */;
			productType = "com.apple.product-type.bundle.ui-testing";
		};
/* End PBXNativeTarget section */

/* Begin PBXProject section */
		5F3849942043DED100B43FDE /* Project object */ = {
			isa = PBXProject;
			attributes = {
				LastSwiftUpdateCheck = 0920;
				LastUpgradeCheck = 0920;
				ORGANIZATIONNAME = lakshyali;
				TargetAttributes = {
					5F38499B2043DED100B43FDE = {
						CreatedOnToolsVersion = 9.2;
						ProvisioningStyle = Automatic;
					};
					5F3849AF2043DED200B43FDE = {
						CreatedOnToolsVersion = 9.2;
						ProvisioningStyle = Automatic;
						TestTargetID = 5F38499B2043DED100B43FDE;
					};
					5F3849BA2043DED200B43FDE = {
						CreatedOnToolsVersion = 9.2;
						ProvisioningStyle = Automatic;
						TestTargetID = 5F38499B2043DED100B43FDE;
					};
				};
			};
			buildConfigurationList = 5F3849972043DED100B43FDE /* Build configuration list for PBXProject "Douyu" */;
			compatibilityVersion = "Xcode 8.0";
			developmentRegion = en;
			hasScannedForEncodings = 0;
			knownRegions = (
				en,
				Base,
			);
			mainGroup = 5F3849932043DED100B43FDE;
			productRefGroup = 5F38499D2043DED100B43FDE /* Products */;
			projectDirPath = "";
			projectRoot = "";
			targets = (
				5F38499B2043DED100B43FDE /* Douyu */,
				5F3849AF2043DED200B43FDE /* DouyuTests */,
				5F3849BA2043DED200B43FDE /* DouyuUITests */,
			);
		};
/* End PBXProject section */

/* Begin PBXResourcesBuildPhase section */
		5F38499A2043DED100B43FDE /* Resources */ = {
			isa = PBXResourcesBuildPhase;
			buildActionMask = 2147483647;
			files = (
				5F3849AA2043DED100B43FDE /* LaunchScreen.storyboard in Resources */,
				5F3849CE2043E43B00B43FDE /* Classes in Resources */,
				5F3849A72043DED100B43FDE /* Assets.xcassets in Resources */,
				5F3849A52043DED100B43FDE /* Main.storyboard in Resources */,
			);
			runOnlyForDeploymentPostprocessing = 0;
		};
		5F3849AE2043DED200B43FDE /* Resources */ = {
			isa = PBXResourcesBuildPhase;
			buildActionMask = 2147483647;
			files = (
			);
			runOnlyForDeploymentPostprocessing = 0;
		};
		5F3849B92043DED200B43FDE /* Resources */ = {
			isa = PBXResourcesBuildPhase;
			buildActionMask = 2147483647;
			files = (
			);
			runOnlyForDeploymentPostprocessing = 0;
		};
/* End PBXResourcesBuildPhase section */

/* Begin PBXSourcesBuildPhase section */
		5F3849982043DED100B43FDE /* Sources */ = {
			isa = PBXSourcesBuildPhase;
			buildActionMask = 2147483647;
			files = (
				5F3849D22043EA3600B43FDE /* AppDelegate.swift in Sources */,
			);
			runOnlyForDeploymentPostprocessing = 0;
		};
		5F3849AC2043DED200B43FDE /* Sources */ = {
			isa = PBXSourcesBuildPhase;
			buildActionMask = 2147483647;
			files = (
				5F3849B52043DED200B43FDE /* DouyuTests.swift in Sources */,
			);
			runOnlyForDeploymentPostprocessing = 0;
		};
		5F3849B72043DED200B43FDE /* Sources */ = {
			isa = PBXSourcesBuildPhase;
			buildActionMask = 2147483647;
			files = (
				5F3849C02043DED200B43FDE /* DouyuUITests.swift in Sources */,
			);
			runOnlyForDeploymentPostprocessing = 0;
		};
/* End PBXSourcesBuildPhase section */

/* Begin PBXTargetDependency section */
		5F3849B22043DED200B43FDE /* PBXTargetDependency */ = {
			isa = PBXTargetDependency;
			target = 5F38499B2043DED100B43FDE /* Douyu */;
			targetProxy = 5F3849B12043DED200B43FDE /* PBXContainerItemProxy */;
		};
		5F3849BD2043DED200B43FDE /* PBXTargetDependency */ = {
			isa = PBXTargetDependency;
			target = 5F38499B2043DED100B43FDE /* Douyu */;
			targetProxy = 5F3849BC2043DED200B43FDE /* PBXContainerItemProxy */;
		};
/* End PBXTargetDependency section */

/* Begin PBXVariantGroup section */
		5F3849A32043DED100B43FDE /* Main.storyboard */ = {
			isa = PBXVariantGroup;
			children = (
				5F3849A42043DED100B43FDE /* Base */,
			);
			name = Main.storyboard;
			sourceTree = "<group>";
		};
		5F3849A82043DED100B43FDE /* LaunchScreen.storyboard */ = {
			isa = PBXVariantGroup;
			children = (
				5F3849A92043DED100B43FDE /* Base */,
			);
			name = LaunchScreen.storyboard;
			sourceTree = "<group>";
		};
/* End PBXVariantGroup section */

/* Begin XCBuildConfiguration section */
		5F3849C22043DED200B43FDE /* Debug */ = {
			isa = XCBuildConfiguration;
			buildSettings = {
				ALWAYS_SEARCH_USER_PATHS = NO;
				CLANG_ANALYZER_NONNULL = YES;
				CLANG_ANALYZER_NUMBER_OBJECT_CONVERSION = YES_AGGRESSIVE;
				CLANG_CXX_LANGUAGE_STANDARD = "gnu++14";
				CLANG_CXX_LIBRARY = "libc++";
				CLANG_ENABLE_MODULES = YES;
				CLANG_ENABLE_OBJC_ARC = YES;
				CLANG_WARN_BLOCK_CAPTURE_AUTORELEASING = YES;
				CLANG_WARN_BOOL_CONVERSION = YES;
				CLANG_WARN_COMMA = YES;
				CLANG_WARN_CONSTANT_CONVERSION = YES;
				CLANG_WARN_DIRECT_OBJC_ISA_USAGE = YES_ERROR;
				CLANG_WARN_DOCUMENTATION_COMMENTS = YES;
				CLANG_WARN_EMPTY_BODY = YES;
				CLANG_WARN_ENUM_CONVERSION = YES;
				CLANG_WARN_INFINITE_RECURSION = YES;
				CLANG_WARN_INT_CONVERSION = YES;
				CLANG_WARN_NON_LITERAL_NULL_CONVERSION = YES;
				CLANG_WARN_OBJC_LITERAL_CONVERSION = YES;
				CLANG_WARN_OBJC_ROOT_CLASS = YES_ERROR;
				CLANG_WARN_RANGE_LOOP_ANALYSIS = YES;
				CLANG_WARN_STRICT_PROTOTYPES = YES;
				CLANG_WARN_SUSPICIOUS_MOVE = YES;
				CLANG_WARN_UNGUARDED_AVAILABILITY = YES_AGGRESSIVE;
				CLANG_WARN_UNREACHABLE_CODE = YES;
				CLANG_WARN__DUPLICATE_METHOD_MATCH = YES;
				CODE_SIGN_IDENTITY = "iPhone Developer";
				COPY_PHASE_STRIP = NO;
				DEBUG_INFORMATION_FORMAT = dwarf;
				ENABLE_STRICT_OBJC_MSGSEND = YES;
				ENABLE_TESTABILITY = YES;
				GCC_C_LANGUAGE_STANDARD = gnu11;
				GCC_DYNAMIC_NO_PIC = NO;
				GCC_NO_COMMON_BLOCKS = YES;
				GCC_OPTIMIZATION_LEVEL = 0;
				GCC_PREPROCESSOR_DEFINITIONS = (
					"DEBUG=1",
					"$(inherited)",
				);
				GCC_WARN_64_TO_32_BIT_CONVERSION = YES;
				GCC_WARN_ABOUT_RETURN_TYPE = YES_ERROR;
				GCC_WARN_UNDECLARED_SELECTOR = YES;
				GCC_WARN_UNINITIALIZED_AUTOS = YES_AGGRESSIVE;
				GCC_WARN_UNUSED_FUNCTION = YES;
				GCC_WARN_UNUSED_VARIABLE = YES;
				IPHONEOS_DEPLOYMENT_TARGET = 11.2;
				MTL_ENABLE_DEBUG_INFO = YES;
				ONLY_ACTIVE_ARCH = YES;
				SDKROOT = iphoneos;
				SWIFT_ACTIVE_COMPILATION_CONDITIONS = DEBUG;
				SWIFT_OPTIMIZATION_LEVEL = "-Onone";
			};
			name = Debug;
		};
		5F3849C32043DED200B43FDE /* Release */ = {
			isa = XCBuildConfiguration;
			buildSettings = {
				ALWAYS_SEARCH_USER_PATHS = NO;
				CLANG_ANALYZER_NONNULL = YES;
				CLANG_ANALYZER_NUMBER_OBJECT_CONVERSION = YES_AGGRESSIVE;
				CLANG_CXX_LANGUAGE_STANDARD = "gnu++14";
				CLANG_CXX_LIBRARY = "libc++";
				CLANG_ENABLE_MODULES = YES;
				CLANG_ENABLE_OBJC_ARC = YES;
				CLANG_WARN_BLOCK_CAPTURE_AUTORELEASING = YES;
				CLANG_WARN_BOOL_CONVERSION = YES;
				CLANG_WARN_COMMA = YES;
				CLANG_WARN_CONSTANT_CONVERSION = YES;
				CLANG_WARN_DIRECT_OBJC_ISA_USAGE = YES_ERROR;
				CLANG_WARN_DOCUMENTATION_COMMENTS = YES;
				CLANG_WARN_EMPTY_BODY = YES;
				CLANG_WARN_ENUM_CONVERSION = YES;
				CLANG_WARN_INFINITE_RECURSION = YES;
				CLANG_WARN_INT_CONVERSION = YES;
				CLANG_WARN_NON_LITERAL_NULL_CONVERSION = YES;
				CLANG_WARN_OBJC_LITERAL_CONVERSION = YES;
				CLANG_WARN_OBJC_ROOT_CLASS = YES_ERROR;
				CLANG_WARN_RANGE_LOOP_ANALYSIS = YES;
				CLANG_WARN_STRICT_PROTOTYPES = YES;
				CLANG_WARN_SUSPICIOUS_MOVE = YES;
				CLANG_WARN_UNGUARDED_AVAILABILITY = YES_AGGRESSIVE;
				CLANG_WARN_UNREACHABLE_CODE = YES;
				CLANG_WARN__DUPLICATE_METHOD_MATCH = YES;
				CODE_SIGN_IDENTITY = "iPhone Developer";
				COPY_PHASE_STRIP = NO;
				DEBUG_INFORMATION_FORMAT = "dwarf-with-dsym";
				ENABLE_NS_ASSERTIONS = NO;
				ENABLE_STRICT_OBJC_MSGSEND = YES;
				GCC_C_LANGUAGE_STANDARD = gnu11;
				GCC_NO_COMMON_BLOCKS = YES;
				GCC_WARN_64_TO_32_BIT_CONVERSION = YES;
				GCC_WARN_ABOUT_RETURN_TYPE = YES_ERROR;
				GCC_WARN_UNDECLARED_SELECTOR = YES;
				GCC_WARN_UNINITIALIZED_AUTOS = YES_AGGRESSIVE;
				GCC_WARN_UNUSED_FUNCTION = YES;
				GCC_WARN_UNUSED_VARIABLE = YES;
				IPHONEOS_DEPLOYMENT_TARGET = 11.2;
				MTL_ENABLE_DEBUG_INFO = NO;
				SDKROOT = iphoneos;
				SWIFT_OPTIMIZATION_LEVEL = "-Owholemodule";
				VALIDATE_PRODUCT = YES;
			};
			name = Release;
		};
		5F3849C52043DED200B43FDE /* Debug */ = {
			isa = XCBuildConfiguration;
			buildSettings = {
				ASSETCATALOG_COMPILER_APPICON_NAME = AppIcon;
				ASSETCATALOG_COMPILER_LAUNCHIMAGE_NAME = LaunchImage;
				CODE_SIGN_STYLE = Automatic;
				DEVELOPMENT_TEAM = ACWPH5KQ95;
				INFOPLIST_FILE = Douyu/Info.plist;
				IPHONEOS_DEPLOYMENT_TARGET = 9.0;
				LD_RUNPATH_SEARCH_PATHS = "$(inherited) @executable_path/Frameworks";
				PRODUCT_BUNDLE_IDENTIFIER = lakaiyi.com.app.Douyu;
				PRODUCT_NAME = "$(TARGET_NAME)";
				SWIFT_VERSION = 4.0;
				TARGETED_DEVICE_FAMILY = 1;
			};
			name = Debug;
		};
		5F3849C62043DED200B43FDE /* Release */ = {
			isa = XCBuildConfiguration;
			buildSettings = {
				ASSETCATALOG_COMPILER_APPICON_NAME = AppIcon;
				ASSETCATALOG_COMPILER_LAUNCHIMAGE_NAME = LaunchImage;
				CODE_SIGN_STYLE = Automatic;
				DEVELOPMENT_TEAM = ACWPH5KQ95;
				INFOPLIST_FILE = Douyu/Info.plist;
				IPHONEOS_DEPLOYMENT_TARGET = 9.0;
				LD_RUNPATH_SEARCH_PATHS = "$(inherited) @executable_path/Frameworks";
				PRODUCT_BUNDLE_IDENTIFIER = lakaiyi.com.app.Douyu;
				PRODUCT_NAME = "$(TARGET_NAME)";
				SWIFT_VERSION = 4.0;
				TARGETED_DEVICE_FAMILY = 1;
			};
			name = Release;
		};
		5F3849C82043DED200B43FDE /* Debug */ = {
			isa = XCBuildConfiguration;
			buildSettings = {
				ALWAYS_EMBED_SWIFT_STANDARD_LIBRARIES = YES;
				BUNDLE_LOADER = "$(TEST_HOST)";
				CODE_SIGN_STYLE = Automatic;
				DEVELOPMENT_TEAM = ACWPH5KQ95;
				INFOPLIST_FILE = DouyuTests/Info.plist;
				LD_RUNPATH_SEARCH_PATHS = "$(inherited) @executable_path/Frameworks @loader_path/Frameworks";
				PRODUCT_BUNDLE_IDENTIFIER = lakaiyi.com.app.DouyuTests;
				PRODUCT_NAME = "$(TARGET_NAME)";
				SWIFT_VERSION = 4.0;
				TARGETED_DEVICE_FAMILY = "1,2";
				TEST_HOST = "$(BUILT_PRODUCTS_DIR)/Douyu.app/Douyu";
			};
			name = Debug;
		};
		5F3849C92043DED200B43FDE /* Release */ = {
			isa = XCBuildConfiguration;
			buildSettings = {
				ALWAYS_EMBED_SWIFT_STANDARD_LIBRARIES = YES;
				BUNDLE_LOADER = "$(TEST_HOST)";
				CODE_SIGN_STYLE = Automatic;
				DEVELOPMENT_TEAM = ACWPH5KQ95;
				INFOPLIST_FILE = DouyuTests/Info.plist;
				LD_RUNPATH_SEARCH_PATHS = "$(inherited) @executable_path/Frameworks @loader_path/Frameworks";
				PRODUCT_BUNDLE_IDENTIFIER = lakaiyi.com.app.DouyuTests;
				PRODUCT_NAME = "$(TARGET_NAME)";
				SWIFT_VERSION = 4.0;
				TARGETED_DEVICE_FAMILY = "1,2";
				TEST_HOST = "$(BUILT_PRODUCTS_DIR)/Douyu.app/Douyu";
			};
			name = Release;
		};
		5F3849CB2043DED200B43FDE /* Debug */ = {
			isa = XCBuildConfiguration;
			buildSettings = {
				ALWAYS_EMBED_SWIFT_STANDARD_LIBRARIES = YES;
				CODE_SIGN_STYLE = Automatic;
				DEVELOPMENT_TEAM = ACWPH5KQ95;
				INFOPLIST_FILE = DouyuUITests/Info.plist;
				LD_RUNPATH_SEARCH_PATHS = "$(inherited) @executable_path/Frameworks @loader_path/Frameworks";
				PRODUCT_BUNDLE_IDENTIFIER = lakaiyi.com.app.DouyuUITests;
				PRODUCT_NAME = "$(TARGET_NAME)";
				SWIFT_VERSION = 4.0;
				TARGETED_DEVICE_FAMILY = "1,2";
				TEST_TARGET_NAME = Douyu;
			};
			name = Debug;
		};
		5F3849CC2043DED200B43FDE /* Release */ = {
			isa = XCBuildConfiguration;
			buildSettings = {
				ALWAYS_EMBED_SWIFT_STANDARD_LIBRARIES = YES;
				CODE_SIGN_STYLE = Automatic;
				DEVELOPMENT_TEAM = ACWPH5KQ95;
				INFOPLIST_FILE = DouyuUITests/Info.plist;
				LD_RUNPATH_SEARCH_PATHS = "$(inherited) @executable_path/Frameworks @loader_path/Frameworks";
				PRODUCT_BUNDLE_IDENTIFIER = lakaiyi.com.app.DouyuUITests;
				PRODUCT_NAME = "$(TARGET_NAME)";
				SWIFT_VERSION = 4.0;
				TARGETED_DEVICE_FAMILY = "1,2";
				TEST_TARGET_NAME = Douyu;
			};
			name = Release;
		};
/* End XCBuildConfiguration section */

/* Begin XCConfigurationList section */
		5F3849972043DED100B43FDE /* Build configuration list for PBXProject "Douyu" */ = {
			isa = XCConfigurationList;
			buildConfigurations = (
				5F3849C22043DED200B43FDE /* Debug */,
				5F3849C32043DED200B43FDE /* Release */,
			);
			defaultConfigurationIsVisible = 0;
			defaultConfigurationName = Release;
		};
		5F3849C42043DED200B43FDE /* Build configuration list for PBXNativeTarget "Douyu" */ = {
			isa = XCConfigurationList;
			buildConfigurations = (
				5F3849C52043DED200B43FDE /* Debug */,
				5F3849C62043DED200B43FDE /* Release */,
			);
			defaultConfigurationIsVisible = 0;
			defaultConfigurationName = Release;
		};
		5F3849C72043DED200B43FDE /* Build configuration list for PBXNativeTarget "DouyuTests" */ = {
			isa = XCConfigurationList;
			buildConfigurations = (
				5F3849C82043DED200B43FDE /* Debug */,
				5F3849C92043DED200B43FDE /* Release */,
			);
			defaultConfigurationIsVisible = 0;
			defaultConfigurationName = Release;
		};
		5F3849CA2043DED200B43FDE /* Build configuration list for PBXNativeTarget "DouyuUITests" */ = {
			isa = XCConfigurationList;
			buildConfigurations = (
				5F3849CB2043DED200B43FDE /* Debug */,
				5F3849CC2043DED200B43FDE /* Release */,
			);
			defaultConfigurationIsVisible = 0;
			defaultConfigurationName = Release;
		};
/* End XCConfigurationList section */
	};
	rootObject = 5F3849942043DED100B43FDE /* Project object */;
}
